<?xml version="1.0" encoding="utf-8"?>
<Project ToolsVersion="4.0" xmlns="http://schemas.microsoft.com/developer/msbuild/2003">
  <ItemGroup>
    <Filter Include="Source Files">
      <UniqueIdentifier>{4FC737F1-C7A5-4376-A066-2A32D752A2FF}</UniqueIdentifier>
      <Extensions>cpp;c;cc;cxx;def;odl;idl;hpj;bat;asm;asmx</Extensions>
    </Filter>
    <Filter Include="Header Files">
      <UniqueIdentifier>{93995380-89BD-4b04-88EB-625FBE52EBFB}</UniqueIdentifier>
      <Extensions>h;hh;hpp;hxx;hm;inl;inc;xsd</Extensions>
    </Filter>
    <Filter Include="Resource Files">
      <UniqueIdentifier>{67DA6AB6-F800-4c08-8B7A-83BB121AAD01}</UniqueIdentifier>
      <Extensions>rc;ico;cur;bmp;dlg;rc2;rct;bin;rgs;gif;jpg;jpeg;jpe;resx;tiff;tif;png;wav;mfcribbon-ms</Extensions>
    </Filter>
  </ItemGroup>
  <ItemGroup>
    <ClInclude Include="..\..\..\..\..\Downloads\xarchiver-0.5.3\xarchiver-0.5.3\src\7zip.h">
      <Filter>Header Files</Filter>
    </ClInclude>
    <ClInclude Include="..\..\..\..\..\Downloads\xarchiver-0.5.3\xarchiver-0.5.3\src\add_dialog.h">
      <Filter>Header Files</Filter>
    </ClInclude>
    <ClInclude Include="..\..\..\..\..\Downloads\xarchiver-0.5.3\xarchiver-0.5.3\src\archive.h">
      <Filter>Header Files</Filter>
    </ClInclude>
    <ClInclude Include="..\..\..\..\..\Downloads\xarchiver-0.5.3\xarchiver-0.5.3\src\arj.h">
      <Filter>Header Files</Filter>
    </ClInclude>
    <ClInclude Include="..\..\..\..\..\Downloads\xarchiver-0.5.3\xarchiver-0.5.3\src\bzip2.h">
      <Filter>Header Files</Filter>
    </ClInclude>
    <ClInclude Include="..\..\..\..\..\Downloads\xarchiver-0.5.3\xarchiver-0.5.3\src\deb.h">
      <Filter>Header Files</Filter>
    </ClInclude>
    <ClInclude Include="..\..\..\..\..\Downloads\xarchiver-0.5.3\xarchiver-0.5.3\src\extract_dialog.h">
      <Filter>Header Files</Filter>
    </ClInclude>
    <ClInclude Include="..\..\..\..\..\Downloads\xarchiver-0.5.3\xarchiver-0.5.3\src\gzip.h">
      <Filter>Header Files</Filter>
    </ClInclude>
    <ClInclude Include="..\..\..\..\..\Downloads\xarchiver-0.5.3\xarchiver-0.5.3\src\interface.h">
      <Filter>Header Files</Filter>
    </ClInclude>
    <ClInclude Include="..\..\..\..\..\Downloads\xarchiver-0.5.3\xarchiver-0.5.3\src\lha.h">
      <Filter>Header Files</Filter>
    </ClInclude>
    <ClInclude Include="..\..\..\..\..\Downloads\xarchiver-0.5.3\xarchiver-0.5.3\src\main.h">
      <Filter>Header Files</Filter>
    </ClInclude>
    <ClInclude Include="..\..\..\..\..\Downloads\xarchiver-0.5.3\xarchiver-0.5.3\src\mime.h">
      <Filter>Header Files</Filter>
    </ClInclude>
    <ClInclude Include="..\..\..\..\..\Downloads\xarchiver-0.5.3\xarchiver-0.5.3\src\new_dialog.h">
      <Filter>Header Files</Filter>
    </ClInclude>
    <ClInclude Include="..\..\..\..\..\Downloads\xarchiver-0.5.3\xarchiver-0.5.3\src\open-with-dlg.h">
      <Filter>Header Files</Filter>
    </ClInclude>
    <ClInclude Include="..\..\..\..\..\Downloads\xarchiver-0.5.3\xarchiver-0.5.3\src\pref_dialog.h">
      <Filter>Header Files</Filter>
    </ClInclude>
    <ClInclude Include="..\..\..\..\..\Downloads\xarchiver-0.5.3\xarchiver-0.5.3\src\rar.h">
      <Filter>Header Files</Filter>
    </ClInclude>
    <ClInclude Include="..\..\..\..\..\Downloads\xarchiver-0.5.3\xarchiver-0.5.3\src\rpm.h">
      <Filter>Header Files</Filter>
    </ClInclude>
    <ClInclude Include="..\..\..\..\..\Downloads\xarchiver-0.5.3\xarchiver-0.5.3\src\sexy-icon-entry.h">
      <Filter>Header Files</Filter>
    </ClInclude>
    <ClInclude Include="..\..\..\..\..\Downloads\xarchiver-0.5.3\xarchiver-0.5.3\src\socket.h">
      <Filter>Header Files</Filter>
    </ClInclude>
    <ClInclude Include="..\..\..\..\..\Downloads\xarchiver-0.5.3\xarchiver-0.5.3\src\string_utils.h">
      <Filter>Header Files</Filter>
    </ClInclude>
    <ClInclude Include="..\..\..\..\..\Downloads\xarchiver-0.5.3\xarchiver-0.5.3\src\support.h">
      <Filter>Header Files</Filter>
    </ClInclude>
    <ClInclude Include="..\..\..\..\..\Downloads\xarchiver-0.5.3\xarchiver-0.5.3\src\tar.h">
      <Filter>Header Files</Filter>
    </ClInclude>
    <ClInclude Include="..\..\..\..\..\Downloads\xarchiver-0.5.3\xarchiver-0.5.3\src\utf8-fnmatch.h">
      <Filter>Header Files</Filter>
    </ClInclude>
    <ClInclude Include="..\..\..\..\..\Downloads\xarchiver-0.5.3\xarchiver-0.5.3\src\window.h">
      <Filter>Header Files</Filter>
    </ClInclude>
    <ClInclude Include="..\..\..\..\..\Downloads\xarchiver-0.5.3\xarchiver-0.5.3\src\zip.h">
      <Filter>Header Files</Filter>
    </ClInclude>
  </ItemGroup>
  <ItemGroup>
    <ClCompile Include="..\..\..\..\..\Downloads\xarchiver-0.5.3\xarchiver-0.5.3\src\7zip.c">
      <Filter>Source Files</Filter>
    </ClCompile>
    <ClCompile Include="..\..\..\..\..\Downloads\xarchiver-0.5.3\xarchiver-0.5.3\src\add_dialog.c">
      <Filter>Source Files</Filter>
    </ClCompile>
    <ClCompile Include="..\..\..\..\..\Downloads\xarchiver-0.5.3\xarchiver-0.5.3\src\archive.c">
      <Filter>Source Files</Filter>
    </ClCompile>
    <ClCompile Include="..\..\..\..\..\Downloads\xarchiver-0.5.3\xarchiver-0.5.3\src\arj.c">
      <Filter>Source Files</Filter>
    </ClCompile>
    <ClCompile Include="..\..\..\..\..\Downloads\xarchiver-0.5.3\xarchiver-0.5.3\src\bzip2.c">
      <Filter>Source Files</Filter>
    </ClCompile>
    <ClCompile Include="..\..\..\..\..\Downloads\xarchiver-0.5.3\xarchiver-0.5.3\src\deb.c">
      <Filter>Source Files</Filter>
    </ClCompile>
    <ClCompile Include="..\..\..\..\..\Downloads\xarchiver-0.5.3\xarchiver-0.5.3\src\extract_dialog.c">
      <Filter>Source Files</Filter>
    </ClCompile>
    <ClCompile Include="..\..\..\..\..\Downloads\xarchiver-0.5.3\xarchiver-0.5.3\src\gzip.c">
      <Filter>Source Files</Filter>
    </ClCompile>
    <ClCompile Include="..\..\..\..\..\Downloads\xarchiver-0.5.3\xarchiver-0.5.3\src\interface.c">
      <Filter>Source Files</Filter>
    </ClCompile>
    <ClCompile Include="..\..\..\..\..\Downloads\xarchiver-0.5.3\xarchiver-0.5.3\src\lha.c">
      <Filter>Source Files</Filter>
    </ClCompile>
    <ClCompile Include="..\..\..\..\..\Downloads\xarchiver-0.5.3\xarchiver-0.5.3\src\main.c">
      <Filter>Source Files</Filter>
    </ClCompile>
    <ClCompile Include="..\..\..\..\..\Downloads\xarchiver-0.5.3\xarchiver-0.5.3\src\mime.c">
      <Filter>Source Files</Filter>
    </ClCompile>
    <ClCompile Include="..\..\..\..\..\Downloads\xarchiver-0.5.3\xarchiver-0.5.3\src\new_dialog.c">
      <Filter>Source Files</Filter>
    </ClCompile>
    <ClCompile Include="..\..\..\..\..\Downloads\xarchiver-0.5.3\xarchiver-0.5.3\src\open-with-dlg.c">
      <Filter>Source Files</Filter>
    </ClCompile>
    <ClCompile Include="..\..\..\..\..\Downloads\xarchiver-0.5.3\xarchiver-0.5.3\src\pref_dialog.c">
      <Filter>Source Files</Filter>
    </ClCompile>
    <ClCompile Include="..\..\..\..\..\Downloads\xarchiver-0.5.3\xarchiver-0.5.3\src\rar.c">
      <Filter>Source Files</Filter>
    </ClCompile>
    <ClCompile Include="..\..\..\..\..\Downloads\xarchiver-0.5.3\xarchiver-0.5.3\src\rpm.c">
      <Filter>Source Files</Filter>
    </ClCompile>
    <ClCompile Include="..\..\..\..\..\Downloads\xarchiver-0.5.3\xarchiver-0.5.3\src\sexy-icon-entry.c">
      <Filter>Source Files</Filter>
    </ClCompile>
    <ClCompile Include="..\..\..\..\..\Downloads\xarchiver-0.5.3\xarchiver-0.5.3\src\socket.c">
      <Filter>Source Files</Filter>
    </ClCompile>
    <ClCompile Include="..\..\..\..\..\Downloads\xarchiver-0.5.3\xarchiver-0.5.3\src\string_utils.c">
      <Filter>Source Files</Filter>
    </ClCompile>
    <ClCompile Include="..\..\..\..\..\Downloads\xarchiver-0.5.3\xarchiver-0.5.3\src\support.c">
      <Filter>Source Files</Filter>
    </ClCompile>
    <ClCompile Include="..\..\..\..\..\Downloads\xarchiver-0.5.3\xarchiver-0.5.3\src\tar.c">
      <Filter>Source Files</Filter>
    </ClCompile>
    <ClCompile Include="..\..\..\..\..\Downloads\xarchiver-0.5.3\xarchiver-0.5.3\src\utf8-fnmatch.c">
      <Filter>Source Files</Filter>
    </ClCompile>
    <ClCompile Include="..\..\..\..\..\Downloads\xarchiver-0.5.3\xarchiver-0.5.3\src\window.c">
      <Filter>Source Files</Filter>
    </ClCompile>
    <ClCompile Include="..\..\..\..\..\Downloads\xarchiver-0.5.3\xarchiver-0.5.3\src\zip.c">
      <Filter>Source Files</Filter>
    </ClCompile>
  </ItemGroup>
</Project>